
Microsoft Visual Studio Solution File, Format Version 12.00
# Visual Studio 15
VisualStudioVersion = 15.0.26403.7
MinimumVisualStudioVersion = 10.0.40219.1
Project("{FAE04EC0-301F-11D3-BF4B-00C04F79EFBC}") = "GUI", "GUI\GUI.csproj", "{4BDA6582-3578-444D-9241-7C50DD48E0AA}"
EndProject
Project("{FAE04EC0-301F-11D3-BF4B-00C04F79EFBC}") = "Prompt", "Prompt\Prompt.csproj", "{E3EAA252-E3BE-4EB4-B7BB-918630DC8210}"
EndProject
Project("{FAE04EC0-301F-11D3-BF4B-00C04F79EFBC}") = "Engine", "Engine\Engine.csproj", "{D9623E89-FB18-486B-85F4-400F81357101}"
EndProject
Project("{FAE04EC0-301F-11D3-BF4B-00C04F79EFBC}") = "EngineTest", "EngineTest\EngineTest.csproj", "{5AE95E92-4FDF-437A-93A4-A4EA75C71FD8}"
EndProject
Global
	GlobalSection(SolutionConfigurationPlatforms) = preSolution
		Debug|Any CPU = Debug|Any CPU
		Release|Any CPU = Release|Any CPU
	EndGlobalSection
	GlobalSection(ProjectConfigurationPlatforms) = postSolution
		{4BDA6582-3578-444D-9241-7C50DD48E0AA}.Debug|Any CPU.ActiveCfg = Debug|Any CPU
		{4BDA6582-3578-444D-9241-7C50DD48E0AA}.Debug|Any CPU.Build.0 = Debug|Any CPU
		{4BDA6582-3578-444D-9241-7C50DD48E0AA}.Release|Any CPU.ActiveCfg = Release|Any CPU
		{4BDA6582-3578-444D-9241-7C50DD48E0AA}.Release|Any CPU.Build.0 = Release|Any CPU
		{E3EAA252-E3BE-4EB4-B7BB-918630DC8210}.Debug|Any CPU.ActiveCfg = Debug|Any CPU
		{E3EAA252-E3BE-4EB4-B7BB-918630DC8210}.Debug|Any CPU.Build.0 = Debug|Any CPU
		{E3EAA252-E3BE-4EB4-B7BB-918630DC8210}.Release|Any CPU.ActiveCfg = Release|Any CPU
		{E3EAA252-E3BE-4EB4-B7BB-918630DC8210}.Release|Any CPU.Build.0 = Release|Any CPU
		{D9623E89-FB18-486B-85F4-400F81357101}.Debug|Any CPU.ActiveCfg = Debug|Any CPU
		{D9623E89-FB18-486B-85F4-400F81357101}.Debug|Any CPU.Build.0 = Debug|Any CPU
		{D9623E89-FB18-486B-85F4-400F81357101}.Release|Any CPU.ActiveCfg = Release|Any CPU
		{D9623E89-FB18-486B-85F4-400F81357101}.Release|Any CPU.Build.0 = Release|Any CPU
		{5AE95E92-4FDF-437A-93A4-A4EA75C71FD8}.Debug|Any CPU.ActiveCfg = Debug|Any CPU
		{5AE95E92-4FDF-437A-93A4-A4EA75C71FD8}.Debug|Any CPU.Build.0 = Debug|Any CPU
		{5AE95E92-4FDF-437A-93A4-A4EA75C71FD8}.Release|Any CPU.ActiveCfg = Release|Any CPU
		{5AE95E92-4FDF-437A-93A4-A4EA75C71FD8}.Release|Any CPU.Build.0 = Release|Any CPU
	EndGlobalSection
	GlobalSection(SolutionProperties) = preSolution
		HideSolutionNode = FALSE
	EndGlobalSection
EndGlobal
