
Microsoft Visual Studio Solution File, Format Version 12.00
# Visual Studio 15
VisualStudioVersion = 15.0.26403.7
MinimumVisualStudioVersion = 10.0.40219.1
Project("{FAE04EC0-301F-11D3-BF4B-00C04F79EFBC}") = "GUI", "GUI\GUI.csproj", "{4BDA6582-3578-444D-9241-7C50DD48E0AA}"
EndProject
Project("{FAE04EC0-301F-11D3-BF4B-00C04F79EFBC}") = "Prompt", "Prompt\Prompt.csproj", "{E3EAA252-E3BE-4EB4-B7BB-918630DC8210}"
EndProject
Global
	GlobalSection(SolutionConfigurationPlatforms) = preSolution
		Debug|Any CPU = Debug|Any CPU
		Release|Any CPU = Release|Any CPU
	EndGlobalSection
	GlobalSection(ProjectConfigurationPlatforms) = postSolution
		{4BDA6582-3578-444D-9241-7C50DD48E0AA}.Debug|Any CPU.ActiveCfg = Debug|Any CPU
		{4BDA6582-3578-444D-9241-7C50DD48E0AA}.Debug|Any CPU.Build.0 = Debug|Any CPU
		{4BDA6582-3578-444D-9241-7C50DD48E0AA}.Release|Any CPU.ActiveCfg = Release|Any CPU
		{4BDA6582-3578-444D-9241-7C50DD48E0AA}.Release|Any CPU.Build.0 = Release|Any CPU
		{E3EAA252-E3BE-4EB4-B7BB-918630DC8210}.Debug|Any CPU.ActiveCfg = Debug|Any CPU
		{E3EAA252-E3BE-4EB4-B7BB-918630DC8210}.Debug|Any CPU.Build.0 = Debug|Any CPU
		{E3EAA252-E3BE-4EB4-B7BB-918630DC8210}.Release|Any CPU.ActiveCfg = Release|Any CPU
		{E3EAA252-E3BE-4EB4-B7BB-918630DC8210}.Release|Any CPU.Build.0 = Release|Any CPU
	EndGlobalSection
	GlobalSection(SolutionProperties) = preSolution
		HideSolutionNode = FALSE
	EndGlobalSection
EndGlobal
